{
  "name": "mathdown",
  "version": "0.0.0",
  "dependencies": {
    "chalk": {
      "version": "1.1.1",
      "from": "https://registry.npmjs.org/chalk/-/chalk-1.1.1.tgz",
      "resolved": "https://registry.npmjs.org/chalk/-/chalk-1.1.1.tgz",
      "dependencies": {
        "ansi-styles": {
          "version": "2.1.0",
          "from": "https://registry.npmjs.org/ansi-styles/-/ansi-styles-2.1.0.tgz",
          "resolved": "https://registry.npmjs.org/ansi-styles/-/ansi-styles-2.1.0.tgz"
        },
        "escape-string-regexp": {
          "version": "1.0.3",
          "from": "https://registry.npmjs.org/escape-string-regexp/-/escape-string-regexp-1.0.3.tgz",
          "resolved": "https://registry.npmjs.org/escape-string-regexp/-/escape-string-regexp-1.0.3.tgz"
        },
        "has-ansi": {
          "version": "2.0.0",
          "from": "https://registry.npmjs.org/has-ansi/-/has-ansi-2.0.0.tgz",
          "resolved": "https://registry.npmjs.org/has-ansi/-/has-ansi-2.0.0.tgz",
          "dependencies": {
            "ansi-regex": {
              "version": "2.0.0",
              "from": "https://registry.npmjs.org/ansi-regex/-/ansi-regex-2.0.0.tgz",
              "resolved": "https://registry.npmjs.org/ansi-regex/-/ansi-regex-2.0.0.tgz"
            }
          }
        },
        "strip-ansi": {
          "version": "3.0.0",
          "from": "https://registry.npmjs.org/strip-ansi/-/strip-ansi-3.0.0.tgz",
          "resolved": "https://registry.npmjs.org/strip-ansi/-/strip-ansi-3.0.0.tgz",
          "dependencies": {
            "ansi-regex": {
              "version": "2.0.0",
              "from": "https://registry.npmjs.org/ansi-regex/-/ansi-regex-2.0.0.tgz",
              "resolved": "https://registry.npmjs.org/ansi-regex/-/ansi-regex-2.0.0.tgz"
            }
          }
        },
        "supports-color": {
          "version": "2.0.0",
          "from": "https://registry.npmjs.org/supports-color/-/supports-color-2.0.0.tgz",
          "resolved": "https://registry.npmjs.org/supports-color/-/supports-color-2.0.0.tgz"
        }
      }
    },
    "coffee-script": {
      "version": "1.10.0",
      "from": "https://registry.npmjs.org/coffee-script/-/coffee-script-1.10.0.tgz",
      "resolved": "https://registry.npmjs.org/coffee-script/-/coffee-script-1.10.0.tgz"
    },
    "st": {
      "version": "0.5.5",
      "from": "https://registry.npmjs.org/st/-/st-0.5.5.tgz",
      "resolved": "https://registry.npmjs.org/st/-/st-0.5.5.tgz",
      "dependencies": {
        "async-cache": {
          "version": "1.0.0",
          "from": "https://registry.npmjs.org/async-cache/-/async-cache-1.0.0.tgz",
          "resolved": "https://registry.npmjs.org/async-cache/-/async-cache-1.0.0.tgz",
          "dependencies": {
            "lru-cache": {
              "version": "2.3.1",
              "from": "https://registry.npmjs.org/lru-cache/-/lru-cache-2.3.1.tgz",
              "resolved": "https://registry.npmjs.org/lru-cache/-/lru-cache-2.3.1.tgz"
            }
          }
        },
        "bl": {
          "version": "1.0.0",
          "from": "https://registry.npmjs.org/bl/-/bl-1.0.0.tgz",
          "resolved": "https://registry.npmjs.org/bl/-/bl-1.0.0.tgz",
          "dependencies": {
            "readable-stream": {
              "version": "2.0.2",
              "from": "https://registry.npmjs.org/readable-stream/-/readable-stream-2.0.2.tgz",
              "resolved": "https://registry.npmjs.org/readable-stream/-/readable-stream-2.0.2.tgz",
              "dependencies": {
                "core-util-is": {
                  "version": "1.0.1",
                  "from": "https://registry.npmjs.org/core-util-is/-/core-util-is-1.0.1.tgz",
                  "resolved": "https://registry.npmjs.org/core-util-is/-/core-util-is-1.0.1.tgz"
                },
                "inherits": {
                  "version": "2.0.1",
                  "from": "https://registry.npmjs.org/inherits/-/inherits-2.0.1.tgz",
                  "resolved": "https://registry.npmjs.org/inherits/-/inherits-2.0.1.tgz"
                },
                "isarray": {
                  "version": "0.0.1",
                  "from": "https://registry.npmjs.org/isarray/-/isarray-0.0.1.tgz",
                  "resolved": "https://registry.npmjs.org/isarray/-/isarray-0.0.1.tgz"
                },
                "process-nextick-args": {
                  "version": "1.0.2",
                  "from": "https://registry.npmjs.org/process-nextick-args/-/process-nextick-args-1.0.2.tgz",
                  "resolved": "https://registry.npmjs.org/process-nextick-args/-/process-nextick-args-1.0.2.tgz"
                },
                "string_decoder": {
                  "version": "0.10.31",
                  "from": "https://registry.npmjs.org/string_decoder/-/string_decoder-0.10.31.tgz",
                  "resolved": "https://registry.npmjs.org/string_decoder/-/string_decoder-0.10.31.tgz"
                },
                "util-deprecate": {
                  "version": "1.0.1",
                  "from": "https://registry.npmjs.org/util-deprecate/-/util-deprecate-1.0.1.tgz",
                  "resolved": "https://registry.npmjs.org/util-deprecate/-/util-deprecate-1.0.1.tgz"
                }
              }
            }
          }
        },
        "fd": {
          "version": "0.0.2",
          "from": "https://registry.npmjs.org/fd/-/fd-0.0.2.tgz",
          "resolved": "https://registry.npmjs.org/fd/-/fd-0.0.2.tgz"
        },
        "mime": {
          "version": "1.3.4",
          "from": "https://registry.npmjs.org/mime/-/mime-1.3.4.tgz",
          "resolved": "https://registry.npmjs.org/mime/-/mime-1.3.4.tgz"
        },
        "negotiator": {
          "version": "0.5.3",
          "from": "https://registry.npmjs.org/negotiator/-/negotiator-0.5.3.tgz",
          "resolved": "https://registry.npmjs.org/negotiator/-/negotiator-0.5.3.tgz"
        },
        "graceful-fs": {
          "version": "4.1.2",
          "from": "https://registry.npmjs.org/graceful-fs/-/graceful-fs-4.1.2.tgz",
          "resolved": "https://registry.npmjs.org/graceful-fs/-/graceful-fs-4.1.2.tgz"
        }
      }
    }
  }
}
