{
  "name": "mathdown",
  "version": "0.0.0",
  "dependencies": {
    "ansi-styles": {
      "version": "3.2.0",
      "from": "ansi-styles@>=3.1.0 <4.0.0",
      "resolved": "https://registry.npmjs.org/ansi-styles/-/ansi-styles-3.2.0.tgz"
    },
    "async-cache": {
      "version": "1.1.0",
      "from": "async-cache@>=1.1.0 <1.2.0",
      "resolved": "https://registry.npmjs.org/async-cache/-/async-cache-1.1.0.tgz"
    },
    "bl": {
      "version": "1.2.1",
      "from": "bl@>=1.0.0 <2.0.0",
      "resolved": "https://registry.npmjs.org/bl/-/bl-1.2.1.tgz"
    },
    "chalk": {
      "version": "2.3.0",
      "from": "chalk@>=2.3.0 <2.4.0",
      "resolved": "https://registry.npmjs.org/chalk/-/chalk-2.3.0.tgz"
    },
    "coffee-script": {
      "version": "1.12.7",
      "from": "coffee-script@>=1.12.7 <1.13.0",
      "resolved": "https://registry.npmjs.org/coffee-script/-/coffee-script-1.12.7.tgz"
    },
    "color-convert": {
      "version": "1.9.1",
      "from": "color-convert@>=1.9.0 <2.0.0",
      "resolved": "https://registry.npmjs.org/color-convert/-/color-convert-1.9.1.tgz"
    },
    "color-name": {
      "version": "1.1.3",
      "from": "color-name@>=1.1.1 <2.0.0",
      "resolved": "https://registry.npmjs.org/color-name/-/color-name-1.1.3.tgz"
    },
    "core-util-is": {
      "version": "1.0.2",
      "from": "core-util-is@1.0.2",
      "resolved": "https://registry.npmjs.org/core-util-is/-/core-util-is-1.0.2.tgz"
    },
    "escape-string-regexp": {
      "version": "1.0.5",
      "from": "escape-string-regexp@1.0.5",
      "resolved": "https://registry.npmjs.org/escape-string-regexp/-/escape-string-regexp-1.0.5.tgz"
    },
    "fd": {
      "version": "0.0.2",
      "from": "fd@>=0.0.2 <0.1.0",
      "resolved": "https://registry.npmjs.org/fd/-/fd-0.0.2.tgz"
    },
    "graceful-fs": {
      "version": "4.1.11",
      "from": "graceful-fs@>=4.1.2 <5.0.0",
      "resolved": "https://registry.npmjs.org/graceful-fs/-/graceful-fs-4.1.11.tgz"
    },
    "has-flag": {
      "version": "2.0.0",
      "from": "has-flag@>=2.0.0 <3.0.0",
      "resolved": "https://registry.npmjs.org/has-flag/-/has-flag-2.0.0.tgz"
    },
    "inherits": {
      "version": "2.0.3",
      "from": "inherits@>=2.0.0 <3.0.0",
      "resolved": "https://registry.npmjs.org/inherits/-/inherits-2.0.3.tgz"
    },
    "isarray": {
      "version": "1.0.0",
      "from": "isarray@>=1.0.0 <1.1.0",
      "resolved": "https://registry.npmjs.org/isarray/-/isarray-1.0.0.tgz"
    },
    "lru-cache": {
      "version": "4.1.1",
      "from": "lru-cache@>=4.0.0 <5.0.0",
      "resolved": "https://registry.npmjs.org/lru-cache/-/lru-cache-4.1.1.tgz"
    },
    "mime": {
      "version": "1.4.1",
      "from": "mime@>=1.4.1 <1.5.0",
      "resolved": "https://registry.npmjs.org/mime/-/mime-1.4.1.tgz"
    },
    "negotiator": {
      "version": "0.6.1",
      "from": "negotiator@>=0.6.1 <0.7.0",
      "resolved": "https://registry.npmjs.org/negotiator/-/negotiator-0.6.1.tgz"
    },
    "process-nextick-args": {
      "version": "1.0.7",
      "from": "process-nextick-args@>=1.0.6 <1.1.0",
      "resolved": "https://registry.npmjs.org/process-nextick-args/-/process-nextick-args-1.0.7.tgz"
    },
    "pseudomap": {
      "version": "1.0.2",
      "from": "pseudomap@>=1.0.2 <2.0.0",
      "resolved": "https://registry.npmjs.org/pseudomap/-/pseudomap-1.0.2.tgz"
    },
    "readable-stream": {
      "version": "2.3.3",
      "from": "readable-stream@>=2.0.0 <3.0.0",
      "resolved": "https://registry.npmjs.org/readable-stream/-/readable-stream-2.3.3.tgz"
    },
    "safe-buffer": {
      "version": "5.1.1",
      "from": "safe-buffer@>=5.1.1 <6.0.0",
      "resolved": "https://registry.npmjs.org/safe-buffer/-/safe-buffer-5.1.1.tgz"
    },
    "st": {
      "version": "1.2.2",
      "from": "st@>=1.2.2 <1.3.0",
      "resolved": "https://registry.npmjs.org/st/-/st-1.2.2.tgz"
    },
    "string_decoder": {
      "version": "1.0.3",
      "from": "string_decoder@>=1.0.3 <1.1.0",
      "resolved": "https://registry.npmjs.org/string_decoder/-/string_decoder-1.0.3.tgz"
    },
    "supports-color": {
      "version": "4.4.0",
      "from": "supports-color@4.4.0",
      "resolved": "https://registry.npmjs.org/supports-color/-/supports-color-4.4.0.tgz"
    },
    "util-deprecate": {
      "version": "1.0.2",
      "from": "util-deprecate@>=1.0.1 <1.1.0",
      "resolved": "https://registry.npmjs.org/util-deprecate/-/util-deprecate-1.0.2.tgz"
    },
    "yallist": {
      "version": "2.1.2",
      "from": "yallist@>=2.1.2 <3.0.0",
      "resolved": "https://registry.npmjs.org/yallist/-/yallist-2.1.2.tgz"
    }
  }
}
