{
  "name": "mathdown",
  "version": "0.0.0",
  "dependencies": {
    "chalk": {
      "version": "1.1.3",
      "from": "chalk@~1.1.3",
      "dependencies": {
        "ansi-styles": {
          "version": "2.2.1",
          "from": "ansi-styles@^2.2.1"
        },
        "escape-string-regexp": {
          "version": "1.0.5",
          "from": "escape-string-regexp@^1.0.2"
        },
        "has-ansi": {
          "version": "2.0.0",
          "from": "has-ansi@^2.0.0",
          "dependencies": {
            "ansi-regex": {
              "version": "2.0.0",
              "from": "ansi-regex@^2.0.0"
            }
          }
        },
        "strip-ansi": {
          "version": "3.0.1",
          "from": "strip-ansi@^3.0.0",
          "dependencies": {
            "ansi-regex": {
              "version": "2.0.0",
              "from": "ansi-regex@^2.0.0"
            }
          }
        },
        "supports-color": {
          "version": "2.0.0",
          "from": "supports-color@^2.0.0"
        }
      }
    },
    "coffee-script": {
      "version": "1.10.0",
      "from": "coffee-script@~1.10.0"
    },
    "st": {
      "version": "1.1.0",
      "from": "st@~1.1.0",
      "dependencies": {
        "async-cache": {
          "version": "1.0.0",
          "from": "async-cache@~1.0.0",
          "dependencies": {
            "lru-cache": {
              "version": "2.3.1",
              "from": "lru-cache@~2.3"
            }
          }
        },
        "bl": {
          "version": "1.0.3",
          "from": "bl@~1.0.0",
          "dependencies": {
            "readable-stream": {
              "version": "2.0.6",
              "from": "readable-stream@~2.0.5",
              "dependencies": {
                "core-util-is": {
                  "version": "1.0.2",
                  "from": "core-util-is@~1.0.0"
                },
                "inherits": {
                  "version": "2.0.1",
                  "from": "inherits@~2.0.1"
                },
                "isarray": {
                  "version": "1.0.0",
                  "from": "isarray@~1.0.0"
                },
                "process-nextick-args": {
                  "version": "1.0.7",
                  "from": "process-nextick-args@~1.0.6"
                },
                "string_decoder": {
                  "version": "0.10.31",
                  "from": "string_decoder@~0.10.x"
                },
                "util-deprecate": {
                  "version": "1.0.2",
                  "from": "util-deprecate@~1.0.1"
                }
              }
            }
          }
        },
        "fd": {
          "version": "0.0.2",
          "from": "fd@~0.0.2"
        },
        "mime": {
          "version": "1.3.4",
          "from": "mime@~1.3.4"
        },
        "negotiator": {
          "version": "0.6.1",
          "from": "negotiator@~0.6.0"
        },
        "graceful-fs": {
          "version": "4.1.4",
          "from": "graceful-fs@~4.1.2"
        }
      }
    }
  }
}
